// !$*UTF8*$!
{
	archiveVersion = 1;
	classes = {
	};
	objectVersion = 46;
	objects = {

/* Begin PBXBuildFile section */
		84B351D91CBCBEE200E0AE2F /* dislike_selected.png in Resources */ = {isa = PBXBuildFile; fileRef = 84B351D71CBCBEE200E0AE2F /* dislike_selected.png */; settings = {ASSET_TAGS = (); }; };
		84B351DA1CBCBEE200E0AE2F /* like_selected.png in Resources */ = {isa = PBXBuildFile; fileRef = 84B351D81CBCBEE200E0AE2F /* like_selected.png */; settings = {ASSET_TAGS = (); }; };
		84B351DF1CBCC0B000E0AE2F /* loginViewController.m in Sources */ = {isa = PBXBuildFile; fileRef = 84B351DE1CBCC0B000E0AE2F /* loginViewController.m */; settings = {ASSET_TAGS = (); }; };
		84B351E41CBCD49F00E0AE2F /* Main.storyboard in Resources */ = {isa = PBXBuildFile; fileRef = 84B351E21CBCD49F00E0AE2F /* Main.storyboard */; settings = {ASSET_TAGS = (); }; };
		84C093EF1CB3A91E0057CCA9 /* main.m in Sources */ = {isa = PBXBuildFile; fileRef = 84C093EE1CB3A91E0057CCA9 /* main.m */; };
		84C093F21CB3A91E0057CCA9 /* AppDelegate.m in Sources */ = {isa = PBXBuildFile; fileRef = 84C093F11CB3A91E0057CCA9 /* AppDelegate.m */; };
		84C093FA1CB3A91E0057CCA9 /* Assets.xcassets in Resources */ = {isa = PBXBuildFile; fileRef = 84C093F91CB3A91E0057CCA9 /* Assets.xcassets */; };
		84C094091CB3B7250057CCA9 /* default.json in Resources */ = {isa = PBXBuildFile; fileRef = 84C094081CB3B7250057CCA9 /* default.json */; settings = {ASSET_TAGS = (); }; };
		84C0940C1CB3BD6C0057CCA9 /* ModelClass.m in Sources */ = {isa = PBXBuildFile; fileRef = 84C0940B1CB3BD6C0057CCA9 /* ModelClass.m */; settings = {ASSET_TAGS = (); }; };
		84C094191CB4EA570057CCA9 /* TableCell.m in Sources */ = {isa = PBXBuildFile; fileRef = 84C094181CB4EA570057CCA9 /* TableCell.m */; settings = {ASSET_TAGS = (); }; };
		84D10C741CB989EE00954038 /* CoreLocation.framework in Frameworks */ = {isa = PBXBuildFile; fileRef = 84D10C731CB989EE00954038 /* CoreLocation.framework */; };
		84D10C761CBA5CD700954038 /* .gitignore in Resources */ = {isa = PBXBuildFile; fileRef = 84D10C751CBA5CD700954038 /* .gitignore */; settings = {ASSET_TAGS = (); }; };
		84DF5F161CBA72940003EB68 /* MainViewController.m in Sources */ = {isa = PBXBuildFile; fileRef = 84DF5F151CBA72940003EB68 /* MainViewController.m */; settings = {ASSET_TAGS = (); }; };
		84DF5F181CBAA91D0003EB68 /* profile.png in Resources */ = {isa = PBXBuildFile; fileRef = 84DF5F171CBAA91D0003EB68 /* profile.png */; settings = {ASSET_TAGS = (); }; };
		84DF5F1B1CBAABD30003EB68 /* ProfileViewController.m in Sources */ = {isa = PBXBuildFile; fileRef = 84DF5F1A1CBAABD30003EB68 /* ProfileViewController.m */; settings = {ASSET_TAGS = (); }; };
		84DF5F1E1CBAAF050003EB68 /* dislike.png in Resources */ = {isa = PBXBuildFile; fileRef = 84DF5F1C1CBAAF050003EB68 /* dislike.png */; settings = {ASSET_TAGS = (); }; };
		84DF5F1F1CBAAF050003EB68 /* like.png in Resources */ = {isa = PBXBuildFile; fileRef = 84DF5F1D1CBAAF050003EB68 /* like.png */; settings = {ASSET_TAGS = (); }; };
		84F68AF11CBA608700A08D49 /* VideoDetailViewController.m in Sources */ = {isa = PBXBuildFile; fileRef = 84F68AF01CBA608700A08D49 /* VideoDetailViewController.m */; settings = {ASSET_TAGS = (); }; };
/* End PBXBuildFile section */

/* Begin PBXFileReference section */
		84B351D71CBCBEE200E0AE2F /* dislike_selected.png */ = {isa = PBXFileReference; lastKnownFileType = image.png; name = dislike_selected.png; path = Resource/dislike_selected.png; sourceTree = "<group>"; };
		84B351D81CBCBEE200E0AE2F /* like_selected.png */ = {isa = PBXFileReference; lastKnownFileType = image.png; name = like_selected.png; path = Resource/like_selected.png; sourceTree = "<group>"; };
		84B351DD1CBCC0B000E0AE2F /* loginViewController.h */ = {isa = PBXFileReference; fileEncoding = 4; lastKnownFileType = sourcecode.c.h; path = loginViewController.h; sourceTree = "<group>"; };
		84B351DE1CBCC0B000E0AE2F /* loginViewController.m */ = {isa = PBXFileReference; fileEncoding = 4; lastKnownFileType = sourcecode.c.objc; path = loginViewController.m; sourceTree = "<group>"; };
		84B351E31CBCD49F00E0AE2F /* Base */ = {isa = PBXFileReference; lastKnownFileType = file.storyboard; name = Base; path = Base.lproj/Main.storyboard; sourceTree = "<group>"; };
		84C093EA1CB3A91D0057CCA9 /* MejiaShortTest.app */ = {isa = PBXFileReference; explicitFileType = wrapper.application; includeInIndex = 0; path = MejiaShortTest.app; sourceTree = BUILT_PRODUCTS_DIR; };
		84C093EE1CB3A91E0057CCA9 /* main.m */ = {isa = PBXFileReference; lastKnownFileType = sourcecode.c.objc; path = main.m; sourceTree = "<group>"; };
		84C093F01CB3A91E0057CCA9 /* AppDelegate.h */ = {isa = PBXFileReference; lastKnownFileType = sourcecode.c.h; path = AppDelegate.h; sourceTree = "<group>"; };
		84C093F11CB3A91E0057CCA9 /* AppDelegate.m */ = {isa = PBXFileReference; lastKnownFileType = sourcecode.c.objc; path = AppDelegate.m; sourceTree = "<group>"; };
		84C093F91CB3A91E0057CCA9 /* Assets.xcassets */ = {isa = PBXFileReference; lastKnownFileType = folder.assetcatalog; path = Assets.xcassets; sourceTree = "<group>"; };
		84C093FE1CB3A91E0057CCA9 /* Info.plist */ = {isa = PBXFileReference; lastKnownFileType = text.plist.xml; path = Info.plist; sourceTree = "<group>"; };
		84C094081CB3B7250057CCA9 /* default.json */ = {isa = PBXFileReference; fileEncoding = 4; lastKnownFileType = text.json; name = default.json; path = Resource/default.json; sourceTree = "<group>"; };
		84C0940A1CB3BD6C0057CCA9 /* ModelClass.h */ = {isa = PBXFileReference; fileEncoding = 4; lastKnownFileType = sourcecode.c.h; path = ModelClass.h; sourceTree = "<group>"; };
		84C0940B1CB3BD6C0057CCA9 /* ModelClass.m */ = {isa = PBXFileReference; fileEncoding = 4; lastKnownFileType = sourcecode.c.objc; path = ModelClass.m; sourceTree = "<group>"; };
		84C094171CB4EA570057CCA9 /* TableCell.h */ = {isa = PBXFileReference; fileEncoding = 4; lastKnownFileType = sourcecode.c.h; path = TableCell.h; sourceTree = "<group>"; };
		84C094181CB4EA570057CCA9 /* TableCell.m */ = {isa = PBXFileReference; fileEncoding = 4; lastKnownFileType = sourcecode.c.objc; path = TableCell.m; sourceTree = "<group>"; };
		84D10C731CB989EE00954038 /* CoreLocation.framework */ = {isa = PBXFileReference; lastKnownFileType = wrapper.framework; name = CoreLocation.framework; path = System/Library/Frameworks/CoreLocation.framework; sourceTree = SDKROOT; };
		84D10C751CBA5CD700954038 /* .gitignore */ = {isa = PBXFileReference; fileEncoding = 4; lastKnownFileType = text; name = .gitignore; path = MejiaShortTest/.gitignore; sourceTree = "<group>"; };
		84DF5F141CBA72940003EB68 /* MainViewController.h */ = {isa = PBXFileReference; fileEncoding = 4; lastKnownFileType = sourcecode.c.h; path = MainViewController.h; sourceTree = "<group>"; };
		84DF5F151CBA72940003EB68 /* MainViewController.m */ = {isa = PBXFileReference; fileEncoding = 4; lastKnownFileType = sourcecode.c.objc; path = MainViewController.m; sourceTree = "<group>"; };
		84DF5F171CBAA91D0003EB68 /* profile.png */ = {isa = PBXFileReference; lastKnownFileType = image.png; name = profile.png; path = Resource/profile.png; sourceTree = "<group>"; };
		84DF5F191CBAABD30003EB68 /* ProfileViewController.h */ = {isa = PBXFileReference; fileEncoding = 4; lastKnownFileType = sourcecode.c.h; path = ProfileViewController.h; sourceTree = "<group>"; };
		84DF5F1A1CBAABD30003EB68 /* ProfileViewController.m */ = {isa = PBXFileReference; fileEncoding = 4; lastKnownFileType = sourcecode.c.objc; path = ProfileViewController.m; sourceTree = "<group>"; };
		84DF5F1C1CBAAF050003EB68 /* dislike.png */ = {isa = PBXFileReference; lastKnownFileType = image.png; name = dislike.png; path = Resource/dislike.png; sourceTree = "<group>"; };
		84DF5F1D1CBAAF050003EB68 /* like.png */ = {isa = PBXFileReference; lastKnownFileType = image.png; name = like.png; path = Resource/like.png; sourceTree = "<group>"; };
		84F68AEF1CBA608700A08D49 /* VideoDetailViewController.h */ = {isa = PBXFileReference; fileEncoding = 4; lastKnownFileType = sourcecode.c.h; path = VideoDetailViewController.h; sourceTree = "<group>"; };
		84F68AF01CBA608700A08D49 /* VideoDetailViewController.m */ = {isa = PBXFileReference; fileEncoding = 4; lastKnownFileType = sourcecode.c.objc; path = VideoDetailViewController.m; sourceTree = "<group>"; };
/* End PBXFileReference section */

/* Begin PBXFrameworksBuildPhase section */
		84C093E71CB3A91D0057CCA9 /* Frameworks */ = {
			isa = PBXFrameworksBuildPhase;
			buildActionMask = 2147483647;
			files = (
				84D10C741CB989EE00954038 /* CoreLocation.framework in Frameworks */,
			);
			runOnlyForDeploymentPostprocessing = 0;
		};
/* End PBXFrameworksBuildPhase section */

/* Begin PBXGroup section */
		84C093E11CB3A91D0057CCA9 = {
			isa = PBXGroup;
			children = (
				84D10C751CBA5CD700954038 /* .gitignore */,
				84D10C731CB989EE00954038 /* CoreLocation.framework */,
				84C093EC1CB3A91D0057CCA9 /* MejiaShortTest */,
				84C093EB1CB3A91D0057CCA9 /* Products */,
			);
			sourceTree = "<group>";
		};
		84C093EB1CB3A91D0057CCA9 /* Products */ = {
			isa = PBXGroup;
			children = (
				84C093EA1CB3A91D0057CCA9 /* MejiaShortTest.app */,
			);
			name = Products;
			sourceTree = "<group>";
		};
		84C093EC1CB3A91D0057CCA9 /* MejiaShortTest */ = {
			isa = PBXGroup;
			children = (
				84C094071CB3B7180057CCA9 /* Resource */,
				84C093F01CB3A91E0057CCA9 /* AppDelegate.h */,
				84C093F11CB3A91E0057CCA9 /* AppDelegate.m */,
				84F68AEF1CBA608700A08D49 /* VideoDetailViewController.h */,
				84F68AF01CBA608700A08D49 /* VideoDetailViewController.m */,
				84DF5F191CBAABD30003EB68 /* ProfileViewController.h */,
				84DF5F1A1CBAABD30003EB68 /* ProfileViewController.m */,
				84DF5F141CBA72940003EB68 /* MainViewController.h */,
				84DF5F151CBA72940003EB68 /* MainViewController.m */,
				84C094171CB4EA570057CCA9 /* TableCell.h */,
				84C094181CB4EA570057CCA9 /* TableCell.m */,
				84B351DD1CBCC0B000E0AE2F /* loginViewController.h */,
				84B351DE1CBCC0B000E0AE2F /* loginViewController.m */,
				84C0940A1CB3BD6C0057CCA9 /* ModelClass.h */,
				84C0940B1CB3BD6C0057CCA9 /* ModelClass.m */,
				84B351E21CBCD49F00E0AE2F /* Main.storyboard */,
				84C093F91CB3A91E0057CCA9 /* Assets.xcassets */,
				84C093FE1CB3A91E0057CCA9 /* Info.plist */,
				84C093ED1CB3A91D0057CCA9 /* Supporting Files */,
			);
			path = MejiaShortTest;
			sourceTree = "<group>";
		};
		84C093ED1CB3A91D0057CCA9 /* Supporting Files */ = {
			isa = PBXGroup;
			children = (
				84C093EE1CB3A91E0057CCA9 /* main.m */,
			);
			name = "Supporting Files";
			sourceTree = "<group>";
		};
		84C094071CB3B7180057CCA9 /* Resource */ = {
			isa = PBXGroup;
			children = (
				84DF5F1C1CBAAF050003EB68 /* dislike.png */,
				84B351D71CBCBEE200E0AE2F /* dislike_selected.png */,
				84B351D81CBCBEE200E0AE2F /* like_selected.png */,
				84DF5F1D1CBAAF050003EB68 /* like.png */,
				84DF5F171CBAA91D0003EB68 /* profile.png */,
				84C094081CB3B7250057CCA9 /* default.json */,
			);
			name = Resource;
			sourceTree = "<group>";
		};
/* End PBXGroup section */

/* Begin PBXNativeTarget section */
		84C093E91CB3A91D0057CCA9 /* MejiaShortTest */ = {
			isa = PBXNativeTarget;
			buildConfigurationList = 84C094011CB3A91E0057CCA9 /* Build configuration list for PBXNativeTarget "MejiaShortTest" */;
			buildPhases = (
				84C093E61CB3A91D0057CCA9 /* Sources */,
				84C093E71CB3A91D0057CCA9 /* Frameworks */,
				84C093E81CB3A91D0057CCA9 /* Resources */,
			);
			buildRules = (
			);
			dependencies = (
			);
			name = MejiaShortTest;
			productName = MejiaShortTest;
			productReference = 84C093EA1CB3A91D0057CCA9 /* MejiaShortTest.app */;
			productType = "com.apple.product-type.application";
		};
/* End PBXNativeTarget section */

/* Begin PBXProject section */
		84C093E21CB3A91D0057CCA9 /* Project object */ = {
			isa = PBXProject;
			attributes = {
				LastUpgradeCheck = 0700;
				ORGANIZATIONNAME = Kaho;
				TargetAttributes = {
					84C093E91CB3A91D0057CCA9 = {
						CreatedOnToolsVersion = 7.0;
					};
				};
			};
			buildConfigurationList = 84C093E51CB3A91D0057CCA9 /* Build configuration list for PBXProject "MejiaShortTest" */;
			compatibilityVersion = "Xcode 3.2";
			developmentRegion = English;
			hasScannedForEncodings = 0;
			knownRegions = (
				en,
				Base,
			);
			mainGroup = 84C093E11CB3A91D0057CCA9;
			productRefGroup = 84C093EB1CB3A91D0057CCA9 /* Products */;
			projectDirPath = "";
			projectRoot = "";
			targets = (
				84C093E91CB3A91D0057CCA9 /* MejiaShortTest */,
			);
		};
/* End PBXProject section */

/* Begin PBXResourcesBuildPhase section */
		84C093E81CB3A91D0057CCA9 /* Resources */ = {
			isa = PBXResourcesBuildPhase;
			buildActionMask = 2147483647;
			files = (
				84DF5F1F1CBAAF050003EB68 /* like.png in Resources */,
				84B351E41CBCD49F00E0AE2F /* Main.storyboard in Resources */,
				84D10C761CBA5CD700954038 /* .gitignore in Resources */,
				84DF5F181CBAA91D0003EB68 /* profile.png in Resources */,
				84DF5F1E1CBAAF050003EB68 /* dislike.png in Resources */,
				84B351DA1CBCBEE200E0AE2F /* like_selected.png in Resources */,
				84C094091CB3B7250057CCA9 /* default.json in Resources */,
				84C093FA1CB3A91E0057CCA9 /* Assets.xcassets in Resources */,
				84B351D91CBCBEE200E0AE2F /* dislike_selected.png in Resources */,
			);
			runOnlyForDeploymentPostprocessing = 0;
		};
/* End PBXResourcesBuildPhase section */

/* Begin PBXSourcesBuildPhase section */
		84C093E61CB3A91D0057CCA9 /* Sources */ = {
			isa = PBXSourcesBuildPhase;
			buildActionMask = 2147483647;
			files = (
				84B351DF1CBCC0B000E0AE2F /* loginViewController.m in Sources */,
				84C093F21CB3A91E0057CCA9 /* AppDelegate.m in Sources */,
				84C0940C1CB3BD6C0057CCA9 /* ModelClass.m in Sources */,
				84DF5F1B1CBAABD30003EB68 /* ProfileViewController.m in Sources */,
				84F68AF11CBA608700A08D49 /* VideoDetailViewController.m in Sources */,
				84DF5F161CBA72940003EB68 /* MainViewController.m in Sources */,
				84C094191CB4EA570057CCA9 /* TableCell.m in Sources */,
				84C093EF1CB3A91E0057CCA9 /* main.m in Sources */,
			);
			runOnlyForDeploymentPostprocessing = 0;
		};
/* End PBXSourcesBuildPhase section */

/* Begin PBXVariantGroup section */
		84B351E21CBCD49F00E0AE2F /* Main.storyboard */ = {
			isa = PBXVariantGroup;
			children = (
				84B351E31CBCD49F00E0AE2F /* Base */,
			);
			name = Main.storyboard;
			sourceTree = "<group>";
		};
/* End PBXVariantGroup section */

/* Begin XCBuildConfiguration section */
		84C093FF1CB3A91E0057CCA9 /* Debug */ = {
			isa = XCBuildConfiguration;
			buildSettings = {
				ALWAYS_SEARCH_USER_PATHS = NO;
				CLANG_CXX_LANGUAGE_STANDARD = "gnu++0x";
				CLANG_CXX_LIBRARY = "libc++";
				CLANG_ENABLE_MODULES = YES;
				CLANG_ENABLE_OBJC_ARC = YES;
				CLANG_WARN_BOOL_CONVERSION = YES;
				CLANG_WARN_CONSTANT_CONVERSION = YES;
				CLANG_WARN_DIRECT_OBJC_ISA_USAGE = YES_ERROR;
				CLANG_WARN_EMPTY_BODY = YES;
				CLANG_WARN_ENUM_CONVERSION = YES;
				CLANG_WARN_INT_CONVERSION = YES;
				CLANG_WARN_OBJC_ROOT_CLASS = YES_ERROR;
				CLANG_WARN_UNREACHABLE_CODE = YES;
				CLANG_WARN__DUPLICATE_METHOD_MATCH = YES;
				"CODE_SIGN_IDENTITY[sdk=iphoneos*]" = "iPhone Developer";
				COPY_PHASE_STRIP = NO;
				DEBUG_INFORMATION_FORMAT = dwarf;
				ENABLE_STRICT_OBJC_MSGSEND = YES;
				ENABLE_TESTABILITY = YES;
				GCC_C_LANGUAGE_STANDARD = gnu99;
				GCC_DYNAMIC_NO_PIC = NO;
				GCC_NO_COMMON_BLOCKS = YES;
				GCC_OPTIMIZATION_LEVEL = 0;
				GCC_PREPROCESSOR_DEFINITIONS = (
					"DEBUG=1",
					"$(inherited)",
				);
				GCC_WARN_64_TO_32_BIT_CONVERSION = YES;
				GCC_WARN_ABOUT_RETURN_TYPE = YES_ERROR;
				GCC_WARN_UNDECLARED_SELECTOR = YES;
				GCC_WARN_UNINITIALIZED_AUTOS = YES_AGGRESSIVE;
				GCC_WARN_UNUSED_FUNCTION = YES;
				GCC_WARN_UNUSED_VARIABLE = YES;
				IPHONEOS_DEPLOYMENT_TARGET = 9.0;
				MTL_ENABLE_DEBUG_INFO = YES;
				ONLY_ACTIVE_ARCH = YES;
				SDKROOT = iphoneos;
			};
			name = Debug;
		};
		84C094001CB3A91E0057CCA9 /* Release */ = {
			isa = XCBuildConfiguration;
			buildSettings = {
				ALWAYS_SEARCH_USER_PATHS = NO;
				CLANG_CXX_LANGUAGE_STANDARD = "gnu++0x";
				CLANG_CXX_LIBRARY = "libc++";
				CLANG_ENABLE_MODULES = YES;
				CLANG_ENABLE_OBJC_ARC = YES;
				CLANG_WARN_BOOL_CONVERSION = YES;
				CLANG_WARN_CONSTANT_CONVERSION = YES;
				CLANG_WARN_DIRECT_OBJC_ISA_USAGE = YES_ERROR;
				CLANG_WARN_EMPTY_BODY = YES;
				CLANG_WARN_ENUM_CONVERSION = YES;
				CLANG_WARN_INT_CONVERSION = YES;
				CLANG_WARN_OBJC_ROOT_CLASS = YES_ERROR;
				CLANG_WARN_UNREACHABLE_CODE = YES;
				CLANG_WARN__DUPLICATE_METHOD_MATCH = YES;
				"CODE_SIGN_IDENTITY[sdk=iphoneos*]" = "iPhone Developer";
				COPY_PHASE_STRIP = NO;
				DEBUG_INFORMATION_FORMAT = "dwarf-with-dsym";
				ENABLE_NS_ASSERTIONS = NO;
				ENABLE_STRICT_OBJC_MSGSEND = YES;
				GCC_C_LANGUAGE_STANDARD = gnu99;
				GCC_NO_COMMON_BLOCKS = YES;
				GCC_WARN_64_TO_32_BIT_CONVERSION = YES;
				GCC_WARN_ABOUT_RETURN_TYPE = YES_ERROR;
				GCC_WARN_UNDECLARED_SELECTOR = YES;
				GCC_WARN_UNINITIALIZED_AUTOS = YES_AGGRESSIVE;
				GCC_WARN_UNUSED_FUNCTION = YES;
				GCC_WARN_UNUSED_VARIABLE = YES;
				IPHONEOS_DEPLOYMENT_TARGET = 9.0;
				MTL_ENABLE_DEBUG_INFO = NO;
				SDKROOT = iphoneos;
				VALIDATE_PRODUCT = YES;
			};
			name = Release;
		};
		84C094021CB3A91E0057CCA9 /* Debug */ = {
			isa = XCBuildConfiguration;
			buildSettings = {
				ASSETCATALOG_COMPILER_APPICON_NAME = AppIcon;
				INFOPLIST_FILE = MejiaShortTest/Info.plist;
				LD_RUNPATH_SEARCH_PATHS = "$(inherited) @executable_path/Frameworks";
				PRODUCT_BUNDLE_IDENTIFIER = com.Kaho.MejiaShortTest;
				PRODUCT_NAME = "$(TARGET_NAME)";
			};
			name = Debug;
		};
		84C094031CB3A91E0057CCA9 /* Release */ = {
			isa = XCBuildConfiguration;
			buildSettings = {
				ASSETCATALOG_COMPILER_APPICON_NAME = AppIcon;
				INFOPLIST_FILE = MejiaShortTest/Info.plist;
				LD_RUNPATH_SEARCH_PATHS = "$(inherited) @executable_path/Frameworks";
				PRODUCT_BUNDLE_IDENTIFIER = com.Kaho.MejiaShortTest;
				PRODUCT_NAME = "$(TARGET_NAME)";
			};
			name = Release;
		};
/* End XCBuildConfiguration section */

/* Begin XCConfigurationList section */
		84C093E51CB3A91D0057CCA9 /* Build configuration list for PBXProject "MejiaShortTest" */ = {
			isa = XCConfigurationList;
			buildConfigurations = (
				84C093FF1CB3A91E0057CCA9 /* Debug */,
				84C094001CB3A91E0057CCA9 /* Release */,
			);
			defaultConfigurationIsVisible = 0;
			defaultConfigurationName = Release;
		};
		84C094011CB3A91E0057CCA9 /* Build configuration list for PBXNativeTarget "MejiaShortTest" */ = {
			isa = XCConfigurationList;
			buildConfigurations = (
				84C094021CB3A91E0057CCA9 /* Debug */,
				84C094031CB3A91E0057CCA9 /* Release */,
			);
			defaultConfigurationIsVisible = 0;
			defaultConfigurationName = Release;
		};
/* End XCConfigurationList section */
	};
	rootObject = 84C093E21CB3A91D0057CCA9 /* Project object */;
}
